
Microsoft Visual Studio Solution File, Format Version 12.00
# Visual Studio Version 16
VisualStudioVersion = 16.0.31129.286
MinimumVisualStudioVersion = 10.0.40219.1
Project("{FAE04EC0-301F-11D3-BF4B-00C04F79EFBC}") = "HW2_EX2", "HW2_EX2\HW2_EX2.csproj", "{81A11CF1-12B8-4EE7-BF66-F1B0807E59FA}"
EndProject
Global
	GlobalSection(SolutionConfigurationPlatforms) = preSolution
		Debug|Any CPU = Debug|Any CPU
		Release|Any CPU = Release|Any CPU
	EndGlobalSection
	GlobalSection(ProjectConfigurationPlatforms) = postSolution
		{81A11CF1-12B8-4EE7-BF66-F1B0807E59FA}.Debug|Any CPU.ActiveCfg = Debug|Any CPU
		{81A11CF1-12B8-4EE7-BF66-F1B0807E59FA}.Debug|Any CPU.Build.0 = Debug|Any CPU
		{81A11CF1-12B8-4EE7-BF66-F1B0807E59FA}.Release|Any CPU.ActiveCfg = Release|Any CPU
		{81A11CF1-12B8-4EE7-BF66-F1B0807E59FA}.Release|Any CPU.Build.0 = Release|Any CPU
	EndGlobalSection
	GlobalSection(SolutionProperties) = preSolution
		HideSolutionNode = FALSE
	EndGlobalSection
	GlobalSection(ExtensibilityGlobals) = postSolution
		SolutionGuid = {E9A1D450-5769-4B64-B704-2B71E0A69ADD}
	EndGlobalSection
EndGlobal
