
Microsoft Visual Studio Solution File, Format Version 12.00
# Visual Studio Version 16
VisualStudioVersion = 16.0.31129.286
MinimumVisualStudioVersion = 10.0.40219.1
Project("{FAE04EC0-301F-11D3-BF4B-00C04F79EFBC}") = "HW2_EX3", "HW2_EX3\HW2_EX3.csproj", "{D6201344-9E1C-41B4-B9D9-21BF4C23F043}"
EndProject
Global
	GlobalSection(SolutionConfigurationPlatforms) = preSolution
		Debug|Any CPU = Debug|Any CPU
		Release|Any CPU = Release|Any CPU
	EndGlobalSection
	GlobalSection(ProjectConfigurationPlatforms) = postSolution
		{D6201344-9E1C-41B4-B9D9-21BF4C23F043}.Debug|Any CPU.ActiveCfg = Debug|Any CPU
		{D6201344-9E1C-41B4-B9D9-21BF4C23F043}.Debug|Any CPU.Build.0 = Debug|Any CPU
		{D6201344-9E1C-41B4-B9D9-21BF4C23F043}.Release|Any CPU.ActiveCfg = Release|Any CPU
		{D6201344-9E1C-41B4-B9D9-21BF4C23F043}.Release|Any CPU.Build.0 = Release|Any CPU
	EndGlobalSection
	GlobalSection(SolutionProperties) = preSolution
		HideSolutionNode = FALSE
	EndGlobalSection
	GlobalSection(ExtensibilityGlobals) = postSolution
		SolutionGuid = {23FE36FF-E63B-464C-AFDC-06DEE5B4822C}
	EndGlobalSection
EndGlobal
