
Microsoft Visual Studio Solution File, Format Version 12.00
# Visual Studio Version 16
VisualStudioVersion = 16.0.31129.286
MinimumVisualStudioVersion = 10.0.40219.1
Project("{FAE04EC0-301F-11D3-BF4B-00C04F79EFBC}") = "HW2_EX4", "HW2_EX4\HW2_EX4.csproj", "{7BDE8AB3-FA8E-4263-ADE7-FF5E2B30C665}"
EndProject
Global
	GlobalSection(SolutionConfigurationPlatforms) = preSolution
		Debug|Any CPU = Debug|Any CPU
		Release|Any CPU = Release|Any CPU
	EndGlobalSection
	GlobalSection(ProjectConfigurationPlatforms) = postSolution
		{7BDE8AB3-FA8E-4263-ADE7-FF5E2B30C665}.Debug|Any CPU.ActiveCfg = Debug|Any CPU
		{7BDE8AB3-FA8E-4263-ADE7-FF5E2B30C665}.Debug|Any CPU.Build.0 = Debug|Any CPU
		{7BDE8AB3-FA8E-4263-ADE7-FF5E2B30C665}.Release|Any CPU.ActiveCfg = Release|Any CPU
		{7BDE8AB3-FA8E-4263-ADE7-FF5E2B30C665}.Release|Any CPU.Build.0 = Release|Any CPU
	EndGlobalSection
	GlobalSection(SolutionProperties) = preSolution
		HideSolutionNode = FALSE
	EndGlobalSection
	GlobalSection(ExtensibilityGlobals) = postSolution
		SolutionGuid = {12702015-D080-4339-9637-D15FD06BD211}
	EndGlobalSection
EndGlobal
